
Microsoft Visual Studio Solution File, Format Version 12.00
# Visual Studio 15
VisualStudioVersion = 15.0.27703.2042
MinimumVisualStudioVersion = 10.0.40219.1
Project("{9A19103F-16F7-4668-BE54-9A1E7A4F7556}") = "Api", "Api\Api.csproj", "{D37349C5-CFC0-4AE6-8093-952178838DCE}"
EndProject
Project("{9A19103F-16F7-4668-BE54-9A1E7A4F7556}") = "SimpleLogin", "..\..\..\Downloads\SimpleLogin (1)\SimpleLogin.csproj", "{B368DC4A-2F9A-457B-ABB5-615CD923A65F}"
EndProject
Project("{FAE04EC0-301F-11D3-BF4B-00C04F79EFBC}") = "Mappers", "Mappers\Mappers.csproj", "{956CF1E3-5BC0-4230-B7FE-CC6D65FE59FD}"
EndProject
Project("{FAE04EC0-301F-11D3-BF4B-00C04F79EFBC}") = "Client", "Client\Client.csproj", "{B4F0973E-BAA8-4F4D-BCEF-3B61050F38C8}"
EndProject
Project("{FAE04EC0-301F-11D3-BF4B-00C04F79EFBC}") = "ServiceGateway", "ServiceGateway\ServiceGateway.csproj", "{DFE67393-88D5-4698-AE57-A5E6F63DFC52}"
EndProject
Global
	GlobalSection(SolutionConfigurationPlatforms) = preSolution
		Debug|Any CPU = Debug|Any CPU
		Release|Any CPU = Release|Any CPU
	EndGlobalSection
	GlobalSection(ProjectConfigurationPlatforms) = postSolution
		{D37349C5-CFC0-4AE6-8093-952178838DCE}.Debug|Any CPU.ActiveCfg = Debug|Any CPU
		{D37349C5-CFC0-4AE6-8093-952178838DCE}.Debug|Any CPU.Build.0 = Debug|Any CPU
		{D37349C5-CFC0-4AE6-8093-952178838DCE}.Release|Any CPU.ActiveCfg = Release|Any CPU
		{D37349C5-CFC0-4AE6-8093-952178838DCE}.Release|Any CPU.Build.0 = Release|Any CPU
		{B368DC4A-2F9A-457B-ABB5-615CD923A65F}.Debug|Any CPU.ActiveCfg = Debug|Any CPU
		{B368DC4A-2F9A-457B-ABB5-615CD923A65F}.Debug|Any CPU.Build.0 = Debug|Any CPU
		{B368DC4A-2F9A-457B-ABB5-615CD923A65F}.Release|Any CPU.ActiveCfg = Release|Any CPU
		{B368DC4A-2F9A-457B-ABB5-615CD923A65F}.Release|Any CPU.Build.0 = Release|Any CPU
		{956CF1E3-5BC0-4230-B7FE-CC6D65FE59FD}.Debug|Any CPU.ActiveCfg = Debug|Any CPU
		{956CF1E3-5BC0-4230-B7FE-CC6D65FE59FD}.Debug|Any CPU.Build.0 = Debug|Any CPU
		{956CF1E3-5BC0-4230-B7FE-CC6D65FE59FD}.Release|Any CPU.ActiveCfg = Release|Any CPU
		{956CF1E3-5BC0-4230-B7FE-CC6D65FE59FD}.Release|Any CPU.Build.0 = Release|Any CPU
		{B4F0973E-BAA8-4F4D-BCEF-3B61050F38C8}.Debug|Any CPU.ActiveCfg = Debug|Any CPU
		{B4F0973E-BAA8-4F4D-BCEF-3B61050F38C8}.Debug|Any CPU.Build.0 = Debug|Any CPU
		{B4F0973E-BAA8-4F4D-BCEF-3B61050F38C8}.Release|Any CPU.ActiveCfg = Release|Any CPU
		{B4F0973E-BAA8-4F4D-BCEF-3B61050F38C8}.Release|Any CPU.Build.0 = Release|Any CPU
		{DFE67393-88D5-4698-AE57-A5E6F63DFC52}.Debug|Any CPU.ActiveCfg = Debug|Any CPU
		{DFE67393-88D5-4698-AE57-A5E6F63DFC52}.Debug|Any CPU.Build.0 = Debug|Any CPU
		{DFE67393-88D5-4698-AE57-A5E6F63DFC52}.Release|Any CPU.ActiveCfg = Release|Any CPU
		{DFE67393-88D5-4698-AE57-A5E6F63DFC52}.Release|Any CPU.Build.0 = Release|Any CPU
	EndGlobalSection
	GlobalSection(SolutionProperties) = preSolution
		HideSolutionNode = FALSE
	EndGlobalSection
	GlobalSection(ExtensibilityGlobals) = postSolution
		SolutionGuid = {6B1C7013-4EDD-4CB2-9584-5A4ADA1CDD3A}
	EndGlobalSection
EndGlobal
